
Microsoft Visual Studio Solution File, Format Version 12.00
# Visual Studio 14
VisualStudioVersion = 14.0.23107.0
MinimumVisualStudioVersion = 10.0.40219.1
Project("{8BC9CEB8-8B4A-11D0-8D11-00A0C91BC942}") = "task73", "task73\task73.vcxproj", "{7D42F535-66F0-4940-81A0-650E4313BF25}"
EndProject
Project("{8BC9CEB8-8B4A-11D0-8D11-00A0C91BC942}") = "task73Test", "task73Test\task73Test.vcxproj", "{4B45C205-438C-4FF0-B681-690AE1916725}"
EndProject
Global
	GlobalSection(SolutionConfigurationPlatforms) = preSolution
		Debug|x64 = Debug|x64
		Debug|x86 = Debug|x86
		Release|x64 = Release|x64
		Release|x86 = Release|x86
	EndGlobalSection
	GlobalSection(ProjectConfigurationPlatforms) = postSolution
		{7D42F535-66F0-4940-81A0-650E4313BF25}.Debug|x64.ActiveCfg = Debug|x64
		{7D42F535-66F0-4940-81A0-650E4313BF25}.Debug|x64.Build.0 = Debug|x64
		{7D42F535-66F0-4940-81A0-650E4313BF25}.Debug|x86.ActiveCfg = Debug|Win32
		{7D42F535-66F0-4940-81A0-650E4313BF25}.Debug|x86.Build.0 = Debug|Win32
		{7D42F535-66F0-4940-81A0-650E4313BF25}.Release|x64.ActiveCfg = Release|x64
		{7D42F535-66F0-4940-81A0-650E4313BF25}.Release|x64.Build.0 = Release|x64
		{7D42F535-66F0-4940-81A0-650E4313BF25}.Release|x86.ActiveCfg = Release|Win32
		{7D42F535-66F0-4940-81A0-650E4313BF25}.Release|x86.Build.0 = Release|Win32
		{4B45C205-438C-4FF0-B681-690AE1916725}.Debug|x64.ActiveCfg = Debug|x64
		{4B45C205-438C-4FF0-B681-690AE1916725}.Debug|x64.Build.0 = Debug|x64
		{4B45C205-438C-4FF0-B681-690AE1916725}.Debug|x86.ActiveCfg = Debug|Win32
		{4B45C205-438C-4FF0-B681-690AE1916725}.Debug|x86.Build.0 = Debug|Win32
		{4B45C205-438C-4FF0-B681-690AE1916725}.Release|x64.ActiveCfg = Release|x64
		{4B45C205-438C-4FF0-B681-690AE1916725}.Release|x64.Build.0 = Release|x64
		{4B45C205-438C-4FF0-B681-690AE1916725}.Release|x86.ActiveCfg = Release|Win32
		{4B45C205-438C-4FF0-B681-690AE1916725}.Release|x86.Build.0 = Release|Win32
	EndGlobalSection
	GlobalSection(SolutionProperties) = preSolution
		HideSolutionNode = FALSE
	EndGlobalSection
EndGlobal
