<?xml version="1.0" encoding="utf-8"?>
<Project ToolsVersion="4.0" xmlns="http://schemas.microsoft.com/developer/msbuild/2003">
  <ItemGroup>
    <Filter Include="Header Files">
      <UniqueIdentifier>{93995380-89BD-4b04-88EB-625FBE52EBFB}</UniqueIdentifier>
      <Extensions>h;hh;hpp;hxx;hm;inl;inc;xsd</Extensions>
    </Filter>
    <Filter Include="Resource Files">
      <UniqueIdentifier>{67DA6AB6-F800-4c08-8B7A-83BB121AAD01}</UniqueIdentifier>
      <Extensions>rc;ico;cur;bmp;dlg;rc2;rct;bin;rgs;gif;jpg;jpeg;jpe;resx;tiff;tif;png;wav;mfcribbon-ms</Extensions>
    </Filter>
    <Filter Include="Source Files">
      <UniqueIdentifier>{4FC737F1-C7A5-4376-A066-2A32D752A2FF}</UniqueIdentifier>
      <Extensions>cpp;c;cc;cxx;def;odl;idl;hpj;bat;asm;asmx</Extensions>
    </Filter>
    <Filter Include="DomainModel">
      <UniqueIdentifier>{4935bf08-ea14-4d5f-89c1-6f9750dd6103}</UniqueIdentifier>
    </Filter>
    <Filter Include="View">
      <UniqueIdentifier>{56f11ade-f936-43c9-a9a8-307283f02e79}</UniqueIdentifier>
    </Filter>
    <Filter Include="AppModel">
      <UniqueIdentifier>{7a8c94e9-2905-453c-9b23-1095bfacdc89}</UniqueIdentifier>
    </Filter>
    <Filter Include="Presenter">
      <UniqueIdentifier>{f029bb15-b3b5-4593-9f2e-48b8de5bc3d3}</UniqueIdentifier>
    </Filter>
  </ItemGroup>
  <ItemGroup>
    <ClInclude Include="Paint2.h">
      <Filter>Header Files</Filter>
    </ClInclude>
    <ClInclude Include="stdafx.h">
      <Filter>Header Files</Filter>
    </ClInclude>
    <ClInclude Include="targetver.h">
      <Filter>Header Files</Filter>
    </ClInclude>
    <ClInclude Include="MainFrm.h">
      <Filter>Header Files</Filter>
    </ClInclude>
    <ClInclude Include="Paint2Doc.h">
      <Filter>Header Files</Filter>
    </ClInclude>
    <ClInclude Include="Resource.h">
      <Filter>Header Files</Filter>
    </ClInclude>
    <ClInclude Include="ICanvasView.h">
      <Filter>View</Filter>
    </ClInclude>
    <ClInclude Include="IShapeView.h">
      <Filter>View</Filter>
    </ClInclude>
    <ClInclude Include="Paint2View.h">
      <Filter>View</Filter>
    </ClInclude>
    <ClInclude Include="ICanvas.h">
      <Filter>DomainModel</Filter>
    </ClInclude>
    <ClInclude Include="IShape.h">
      <Filter>DomainModel</Filter>
    </ClInclude>
    <ClInclude Include="Canvas.h">
      <Filter>DomainModel</Filter>
    </ClInclude>
    <ClInclude Include="IEditableShape.h">
      <Filter>AppModel</Filter>
    </ClInclude>
    <ClInclude Include="EditableShape.h">
      <Filter>AppModel</Filter>
    </ClInclude>
    <ClInclude Include="IEditableCanvas.h">
      <Filter>AppModel</Filter>
    </ClInclude>
    <ClInclude Include="EditableCanvas.h">
      <Filter>AppModel</Filter>
    </ClInclude>
    <ClInclude Include="..\Paint\History.h">
      <Filter>AppModel</Filter>
    </ClInclude>
    <ClInclude Include="ISelection.h">
      <Filter>AppModel</Filter>
    </ClInclude>
    <ClInclude Include="Selection.h">
      <Filter>AppModel</Filter>
    </ClInclude>
    <ClInclude Include="Shape.h">
      <Filter>DomainModel</Filter>
    </ClInclude>
    <ClInclude Include="IDocument.h">
      <Filter>AppModel</Filter>
    </ClInclude>
    <ClInclude Include="Doc.h">
      <Filter>AppModel</Filter>
    </ClInclude>
    <ClInclude Include="CanvasPresenter.h">
      <Filter>Presenter</Filter>
    </ClInclude>
    <ClInclude Include="ICommandSourceDelegate.h">
      <Filter>View</Filter>
    </ClInclude>
    <ClInclude Include="ShapeView.h">
      <Filter>View</Filter>
    </ClInclude>
    <ClInclude Include="CanvasView.h">
      <Filter>View</Filter>
    </ClInclude>
    <ClInclude Include="IPaint2View.h">
      <Filter>View</Filter>
    </ClInclude>
    <ClInclude Include="signals.h">
      <Filter>Header Files</Filter>
    </ClInclude>
    <ClInclude Include="ISelectionFrame.h">
      <Filter>View</Filter>
    </ClInclude>
    <ClInclude Include="SelectionFrame.h">
      <Filter>View</Filter>
    </ClInclude>
    <ClInclude Include="XmlReader.h">
      <Filter>Header Files</Filter>
    </ClInclude>
  </ItemGroup>
  <ItemGroup>
    <ClCompile Include="Paint2.cpp">
      <Filter>Source Files</Filter>
    </ClCompile>
    <ClCompile Include="stdafx.cpp">
      <Filter>Source Files</Filter>
    </ClCompile>
    <ClCompile Include="MainFrm.cpp">
      <Filter>Source Files</Filter>
    </ClCompile>
    <ClCompile Include="Paint2Doc.cpp">
      <Filter>Source Files</Filter>
    </ClCompile>
    <ClCompile Include="Paint2View.cpp">
      <Filter>View</Filter>
    </ClCompile>
    <ClCompile Include="Canvas.cpp">
      <Filter>DomainModel</Filter>
    </ClCompile>
    <ClCompile Include="EditableShape.cpp">
      <Filter>AppModel</Filter>
    </ClCompile>
    <ClCompile Include="EditableCanvas.cpp">
      <Filter>AppModel</Filter>
    </ClCompile>
    <ClCompile Include="..\Paint\History.cpp">
      <Filter>AppModel</Filter>
    </ClCompile>
    <ClCompile Include="Selection.cpp">
      <Filter>AppModel</Filter>
    </ClCompile>
    <ClCompile Include="Shape.cpp">
      <Filter>DomainModel</Filter>
    </ClCompile>
    <ClCompile Include="Doc.cpp">
      <Filter>AppModel</Filter>
    </ClCompile>
    <ClCompile Include="CanvasPresenter.cpp">
      <Filter>Presenter</Filter>
    </ClCompile>
    <ClCompile Include="ShapeView.cpp">
      <Filter>View</Filter>
    </ClCompile>
    <ClCompile Include="CanvasView.cpp">
      <Filter>View</Filter>
    </ClCompile>
    <ClCompile Include="SelectionFrame.cpp">
      <Filter>View</Filter>
    </ClCompile>
    <ClCompile Include="XmlReader.cpp">
      <Filter>Source Files</Filter>
    </ClCompile>
  </ItemGroup>
  <ItemGroup>
    <ResourceCompile Include="Paint2.rc">
      <Filter>Resource Files</Filter>
    </ResourceCompile>
  </ItemGroup>
  <ItemGroup>
    <Image Include="res\buttons.bmp">
      <Filter>Resource Files</Filter>
    </Image>
    <Image Include="res\filelarge.bmp">
      <Filter>Resource Files</Filter>
    </Image>
    <Image Include="res\filesmall.bmp">
      <Filter>Resource Files</Filter>
    </Image>
    <Image Include="res\main.bmp">
      <Filter>Resource Files</Filter>
    </Image>
    <Image Include="res\writelarge.bmp">
      <Filter>Resource Files</Filter>
    </Image>
    <Image Include="res\writesmall.bmp">
      <Filter>Resource Files</Filter>
    </Image>
    <Image Include="res\Paint2Doc.ico">
      <Filter>Resource Files</Filter>
    </Image>
    <Image Include="res\Paint2.ico">
      <Filter>Resource Files</Filter>
    </Image>
    <Image Include="res\Toolbar.bmp">
      <Filter>Resource Files</Filter>
    </Image>
    <Image Include="res\Toolbar256.bmp">
      <Filter>Resource Files</Filter>
    </Image>
    <Image Include="res\paintlarge.bmp">
      <Filter>Resource Files</Filter>
    </Image>
    <Image Include="res\paintsmall.bmp">
      <Filter>Resource Files</Filter>
    </Image>
  </ItemGroup>
  <ItemGroup>
    <None Include="res\ribbon.mfcribbon-ms">
      <Filter>Resource Files</Filter>
    </None>
    <None Include="res\Paint2.rc2">
      <Filter>Resource Files</Filter>
    </None>
  </ItemGroup>
</Project>